
Microsoft Visual Studio Solution File, Format Version 12.00
# Visual Studio 2012
Project("{D954291E-2A0B-460D-934E-DC6B0785DB48}") = "mDolphin", "mDolphin.shproj", "{FFE62D77-FFB7-445A-AE04-5FF4CE29607B}"
EndProject
Project("{FAE04EC0-301F-11D3-BF4B-00C04F79EFBC}") = "mDolphin.iOS", "iOS\mDolphin.iOS.csproj", "{35181FE6-1413-4692-AAF0-F796EE7E94D8}"
EndProject
Project("{FAE04EC0-301F-11D3-BF4B-00C04F79EFBC}") = "mDolphin.Droid", "Droid\mDolphin.Droid.csproj", "{2077008B-EDEF-401B-9A1B-EED1FDCFBDDB}"
EndProject
Project("{FAE04EC0-301F-11D3-BF4B-00C04F79EFBC}") = "mDolphin.MobileAppService", "MobileAppService\mDolphin.MobileAppService.csproj", "{7143B324-CF1F-4D38-BEC9-BA3CE8386453}"
EndProject
Global
	GlobalSection(SolutionConfigurationPlatforms) = preSolution
		Debug|iPhoneSimulator = Debug|iPhoneSimulator
		Release|iPhone = Release|iPhone
		Release|iPhoneSimulator = Release|iPhoneSimulator
		Debug|iPhone = Debug|iPhone
		Debug|Any CPU = Debug|Any CPU
		Release|Any CPU = Release|Any CPU
	EndGlobalSection
	GlobalSection(ProjectConfigurationPlatforms) = postSolution
		{35181FE6-1413-4692-AAF0-F796EE7E94D8}.Debug|iPhoneSimulator.ActiveCfg = Debug|iPhoneSimulator
		{35181FE6-1413-4692-AAF0-F796EE7E94D8}.Debug|iPhoneSimulator.Build.0 = Debug|iPhoneSimulator
		{35181FE6-1413-4692-AAF0-F796EE7E94D8}.Release|iPhone.ActiveCfg = Release|iPhone
		{35181FE6-1413-4692-AAF0-F796EE7E94D8}.Release|iPhone.Build.0 = Release|iPhone
		{35181FE6-1413-4692-AAF0-F796EE7E94D8}.Release|iPhoneSimulator.ActiveCfg = Release|iPhoneSimulator
		{35181FE6-1413-4692-AAF0-F796EE7E94D8}.Release|iPhoneSimulator.Build.0 = Release|iPhoneSimulator
		{35181FE6-1413-4692-AAF0-F796EE7E94D8}.Debug|iPhone.ActiveCfg = Debug|iPhone
		{35181FE6-1413-4692-AAF0-F796EE7E94D8}.Debug|iPhone.Build.0 = Debug|iPhone
		{35181FE6-1413-4692-AAF0-F796EE7E94D8}.Debug|Any CPU.ActiveCfg = Debug|iPhoneSimulator
		{35181FE6-1413-4692-AAF0-F796EE7E94D8}.Debug|Any CPU.Build.0 = Debug|iPhoneSimulator
		{35181FE6-1413-4692-AAF0-F796EE7E94D8}.Release|Any CPU.ActiveCfg = Release|iPhone
		{35181FE6-1413-4692-AAF0-F796EE7E94D8}.Release|Any CPU.Build.0 = Release|iPhone
		{2077008B-EDEF-401B-9A1B-EED1FDCFBDDB}.Debug|iPhoneSimulator.ActiveCfg = Debug|Any CPU
		{2077008B-EDEF-401B-9A1B-EED1FDCFBDDB}.Debug|iPhoneSimulator.Build.0 = Debug|Any CPU
		{2077008B-EDEF-401B-9A1B-EED1FDCFBDDB}.Release|iPhone.ActiveCfg = Release|Any CPU
		{2077008B-EDEF-401B-9A1B-EED1FDCFBDDB}.Release|iPhone.Build.0 = Release|Any CPU
		{2077008B-EDEF-401B-9A1B-EED1FDCFBDDB}.Release|iPhoneSimulator.ActiveCfg = Release|Any CPU
		{2077008B-EDEF-401B-9A1B-EED1FDCFBDDB}.Release|iPhoneSimulator.Build.0 = Release|Any CPU
		{2077008B-EDEF-401B-9A1B-EED1FDCFBDDB}.Debug|iPhone.ActiveCfg = Debug|Any CPU
		{2077008B-EDEF-401B-9A1B-EED1FDCFBDDB}.Debug|iPhone.Build.0 = Debug|Any CPU
		{2077008B-EDEF-401B-9A1B-EED1FDCFBDDB}.Debug|Any CPU.ActiveCfg = Debug|Any CPU
		{2077008B-EDEF-401B-9A1B-EED1FDCFBDDB}.Debug|Any CPU.Build.0 = Debug|Any CPU
		{2077008B-EDEF-401B-9A1B-EED1FDCFBDDB}.Release|Any CPU.ActiveCfg = Release|Any CPU
		{2077008B-EDEF-401B-9A1B-EED1FDCFBDDB}.Release|Any CPU.Build.0 = Release|Any CPU
		{7143B324-CF1F-4D38-BEC9-BA3CE8386453}.Debug|iPhoneSimulator.ActiveCfg = Debug|Any CPU
		{7143B324-CF1F-4D38-BEC9-BA3CE8386453}.Debug|iPhoneSimulator.Build.0 = Debug|Any CPU
		{7143B324-CF1F-4D38-BEC9-BA3CE8386453}.Release|iPhone.ActiveCfg = Release|Any CPU
		{7143B324-CF1F-4D38-BEC9-BA3CE8386453}.Release|iPhone.Build.0 = Release|Any CPU
		{7143B324-CF1F-4D38-BEC9-BA3CE8386453}.Release|iPhoneSimulator.ActiveCfg = Release|Any CPU
		{7143B324-CF1F-4D38-BEC9-BA3CE8386453}.Release|iPhoneSimulator.Build.0 = Release|Any CPU
		{7143B324-CF1F-4D38-BEC9-BA3CE8386453}.Debug|iPhone.ActiveCfg = Debug|Any CPU
		{7143B324-CF1F-4D38-BEC9-BA3CE8386453}.Debug|iPhone.Build.0 = Debug|Any CPU
		{7143B324-CF1F-4D38-BEC9-BA3CE8386453}.Debug|Any CPU.ActiveCfg = Debug|Any CPU
		{7143B324-CF1F-4D38-BEC9-BA3CE8386453}.Debug|Any CPU.Build.0 = Debug|Any CPU
		{7143B324-CF1F-4D38-BEC9-BA3CE8386453}.Release|Any CPU.ActiveCfg = Release|Any CPU
		{7143B324-CF1F-4D38-BEC9-BA3CE8386453}.Release|Any CPU.Build.0 = Release|Any CPU
	EndGlobalSection
EndGlobal
